
Microsoft Visual Studio Solution File, Format Version 12.00
# Visual Studio Version 16
VisualStudioVersion = 16.0.32228.547
MinimumVisualStudioVersion = 10.0.40219.1
Project("{FAE04EC0-301F-11D3-BF4B-00C04F79EFBC}") = "Two Interface with same method", "Two Interface with same method\Two Interface with same method.csproj", "{8BD231E2-FEF0-4A15-BC74-3C8BB23DD7CA}"
EndProject
Global
	GlobalSection(SolutionConfigurationPlatforms) = preSolution
		Debug|Any CPU = Debug|Any CPU
		Release|Any CPU = Release|Any CPU
	EndGlobalSection
	GlobalSection(ProjectConfigurationPlatforms) = postSolution
		{8BD231E2-FEF0-4A15-BC74-3C8BB23DD7CA}.Debug|Any CPU.ActiveCfg = Debug|Any CPU
		{8BD231E2-FEF0-4A15-BC74-3C8BB23DD7CA}.Debug|Any CPU.Build.0 = Debug|Any CPU
		{8BD231E2-FEF0-4A15-BC74-3C8BB23DD7CA}.Release|Any CPU.ActiveCfg = Release|Any CPU
		{8BD231E2-FEF0-4A15-BC74-3C8BB23DD7CA}.Release|Any CPU.Build.0 = Release|Any CPU
	EndGlobalSection
	GlobalSection(SolutionProperties) = preSolution
		HideSolutionNode = FALSE
	EndGlobalSection
	GlobalSection(ExtensibilityGlobals) = postSolution
		SolutionGuid = {ADD3582D-28B8-4C07-B9D3-4EFFDE136B15}
	EndGlobalSection
EndGlobal
